
Microsoft Visual Studio Solution File, Format Version 12.00
# Visual Studio 15
VisualStudioVersion = 15.0.28307.1082
MinimumVisualStudioVersion = 10.0.40219.1
Project("{FAE04EC0-301F-11D3-BF4B-00C04F79EFBC}") = "NaturopathySite", "NaturopathySite\NaturopathySite.csproj", "{4484DCB8-B3D3-45B7-B637-98E8B6613A25}"
EndProject
Global
	GlobalSection(SolutionConfigurationPlatforms) = preSolution
		Debug|Any CPU = Debug|Any CPU
		Release|Any CPU = Release|Any CPU
	EndGlobalSection
	GlobalSection(ProjectConfigurationPlatforms) = postSolution
		{4484DCB8-B3D3-45B7-B637-98E8B6613A25}.Debug|Any CPU.ActiveCfg = Debug|Any CPU
		{4484DCB8-B3D3-45B7-B637-98E8B6613A25}.Debug|Any CPU.Build.0 = Debug|Any CPU
		{4484DCB8-B3D3-45B7-B637-98E8B6613A25}.Release|Any CPU.ActiveCfg = Release|Any CPU
		{4484DCB8-B3D3-45B7-B637-98E8B6613A25}.Release|Any CPU.Build.0 = Release|Any CPU
	EndGlobalSection
	GlobalSection(SolutionProperties) = preSolution
		HideSolutionNode = FALSE
	EndGlobalSection
	GlobalSection(ExtensibilityGlobals) = postSolution
		SolutionGuid = {D10503DE-EF6A-48BC-AE53-6CBD8F80C297}
	EndGlobalSection
EndGlobal
